
Microsoft Visual Studio Solution File, Format Version 12.00
# Visual Studio Version 17
VisualStudioVersion = 17.10.35122.118
MinimumVisualStudioVersion = 10.0.40219.1
Project("{FAE04EC0-301F-11D3-BF4B-00C04F79EFBC}") = "JWTWebAPI", "JWTWebAPI\JWTWebAPI.csproj", "{D0CBE674-AB5E-4099-80D5-65AD34C5BDAD}"
EndProject
Global
	GlobalSection(SolutionConfigurationPlatforms) = preSolution
		Debug|Any CPU = Debug|Any CPU
		Release|Any CPU = Release|Any CPU
	EndGlobalSection
	GlobalSection(ProjectConfigurationPlatforms) = postSolution
		{D0CBE674-AB5E-4099-80D5-65AD34C5BDAD}.Debug|Any CPU.ActiveCfg = Debug|Any CPU
		{D0CBE674-AB5E-4099-80D5-65AD34C5BDAD}.Debug|Any CPU.Build.0 = Debug|Any CPU
		{D0CBE674-AB5E-4099-80D5-65AD34C5BDAD}.Release|Any CPU.ActiveCfg = Release|Any CPU
		{D0CBE674-AB5E-4099-80D5-65AD34C5BDAD}.Release|Any CPU.Build.0 = Release|Any CPU
	EndGlobalSection
	GlobalSection(SolutionProperties) = preSolution
		HideSolutionNode = FALSE
	EndGlobalSection
	GlobalSection(ExtensibilityGlobals) = postSolution
		SolutionGuid = {4E2FDC3D-894B-4564-A285-B39F335B74B9}
	EndGlobalSection
EndGlobal
